{
  "name": "onboarding-sdk-spike",
  "version": "1.0.0",
  "lockfileVersion": 3,
  "requires": true,
  "packages": {
    "": {
      "name": "onboarding-sdk-spike",
      "version": "1.0.0",
      "dependencies": {
        "purecloud-flow-scripting-api-sdk-javascript": "^0.68.0"
      }
    },
    "node_modules/purecloud-flow-scripting-api-sdk-javascript": {
      "version": "0.68.0",
      "resolved": "https://registry.npmjs.org/purecloud-flow-scripting-api-sdk-javascript/-/purecloud-flow-scripting-api-sdk-javascript-0.68.0.tgz",
      "integrity": "sha512-OGWO7YmsmLpgyExHmEN+D4iWWKXzmy6bY13954xStv9B8uYTez8bZFeo4huywNBD8eJDqfgP1wiQoGSpngEhBQ==",
      "license": "MIT",
      "dependencies": {
        "ws": "8.21.1"
      },
      "engines": {
        "node": ">=20.0.0"
      }
    },
    "node_modules/ws": {
      "version": "8.21.1",
      "resolved": "https://registry.npmjs.org/ws/-/ws-8.21.1.tgz",
      "integrity": "sha512-+0NTnW77fFN/DjQi6k/Sq/Yvk4Sgajw7urW8V+asjXnRgDs9gyGkdb7EzgfhA4goXsRIZKE28fzIXBHEzhuiWw==",
      "license": "MIT",
      "engines": {
        "node": ">=10.0.0"
      },
      "peerDependencies": {
        "bufferutil": "^4.0.1",
        "utf-8-validate": ">=5.0.2"
      },
      "peerDependenciesMeta": {
        "bufferutil": {
          "optional": true
        },
        "utf-8-validate": {
          "optional": true
        }
      }
    }
  }
}
